
Microsoft Visual Studio Solution File, Format Version 12.00
# Visual Studio Version 17
VisualStudioVersion = 17.8.34408.163
MinimumVisualStudioVersion = 10.0.40219.1
Project("{9A19103F-16F7-4668-BE54-9A1E7A4F7556}") = "M002-Einführung", "M002-Einführung\M002-Einführung.csproj", "{4B251C1F-E37A-4415-BD2E-86D74CC3D9EC}"
EndProject
Project("{9A19103F-16F7-4668-BE54-9A1E7A4F7556}") = "M003-MVC", "M003-MVC\M003-MVC.csproj", "{EDF49945-9A1D-4ABA-A9BC-AAAE18C5309C}"
EndProject
Project("{9A19103F-16F7-4668-BE54-9A1E7A4F7556}") = "M004-RazorPages", "M004-RazorPages\M004-RazorPages.csproj", "{5390AF17-E701-4BAB-B943-83B3FC5A3127}"
EndProject
Project("{9A19103F-16F7-4668-BE54-9A1E7A4F7556}") = "M001", "M001\M001.csproj", "{91E14A9B-5792-435D-ACB4-5CF9F71C0CB4}"
EndProject
Project("{9A19103F-16F7-4668-BE54-9A1E7A4F7556}") = "M005-WeitereThemen", "M005-WeitereThemen\M005-WeitereThemen.csproj", "{4B2B38DC-F5B8-43D9-A343-771687685A9B}"
EndProject
Project("{9A19103F-16F7-4668-BE54-9A1E7A4F7556}") = "M006-EntityFramework", "M006-EntityFramework\M006-EntityFramework.csproj", "{C88DDD80-C39F-440E-BC19-387BE05E234F}"
EndProject
Project("{9A19103F-16F7-4668-BE54-9A1E7A4F7556}") = "M007-EFListen", "M007-EFListen\M007-EFListen.csproj", "{B5BF3ACA-9703-451B-A8DC-629EA92EAD80}"
EndProject
Project("{9A19103F-16F7-4668-BE54-9A1E7A4F7556}") = "M000-DataAccess", "M000-DataAccess\M000-DataAccess.csproj", "{28F362BE-2676-4818-9B05-BD25E7294193}"
EndProject
Project("{9A19103F-16F7-4668-BE54-9A1E7A4F7556}") = "M008-EFForms", "M008-EFForms\M008-EFForms.csproj", "{8F3DBE4A-64E2-48FB-B2FD-7199BB5E326F}"
EndProject
Project("{9A19103F-16F7-4668-BE54-9A1E7A4F7556}") = "M009-LayoutDesign", "M009-LayoutDesign\M009-LayoutDesign.csproj", "{6C2F00D8-84A9-424D-B10C-AB70A78D014D}"
EndProject
Project("{9A19103F-16F7-4668-BE54-9A1E7A4F7556}") = "M010-WebAPI", "M010-WebAPI\M010-WebAPI.csproj", "{56D0716D-2AF4-47A9-AE1E-C91474CD8EBD}"
EndProject
Project("{9A19103F-16F7-4668-BE54-9A1E7A4F7556}") = "M011-SignalR", "M011-SignalR\M011-SignalR.csproj", "{B0BA885D-FBF9-4E24-B015-16417C29D014}"
EndProject
Project("{9A19103F-16F7-4668-BE54-9A1E7A4F7556}") = "M011-Blazor", "M011-Blazor\M011-Blazor\M011-Blazor.csproj", "{E038E1A8-7250-426D-8C86-11CBC2EDE510}"
EndProject
Project("{9A19103F-16F7-4668-BE54-9A1E7A4F7556}") = "M011-Blazor.Client", "M011-Blazor\M011-Blazor.Client\M011-Blazor.Client.csproj", "{07461707-C4CF-4916-943D-6E7379E89664}"
EndProject
Project("{FAE04EC0-301F-11D3-BF4B-00C04F79EFBC}") = "M012-Authentication", "M012-Authentication\M012-Authentication.csproj", "{79EC0FAE-951D-4385-A248-157E53D8D381}"
EndProject
Global
	GlobalSection(SolutionConfigurationPlatforms) = preSolution
		Debug|Any CPU = Debug|Any CPU
		Release|Any CPU = Release|Any CPU
	EndGlobalSection
	GlobalSection(ProjectConfigurationPlatforms) = postSolution
		{4B251C1F-E37A-4415-BD2E-86D74CC3D9EC}.Debug|Any CPU.ActiveCfg = Debug|Any CPU
		{4B251C1F-E37A-4415-BD2E-86D74CC3D9EC}.Debug|Any CPU.Build.0 = Debug|Any CPU
		{4B251C1F-E37A-4415-BD2E-86D74CC3D9EC}.Release|Any CPU.ActiveCfg = Release|Any CPU
		{4B251C1F-E37A-4415-BD2E-86D74CC3D9EC}.Release|Any CPU.Build.0 = Release|Any CPU
		{EDF49945-9A1D-4ABA-A9BC-AAAE18C5309C}.Debug|Any CPU.ActiveCfg = Debug|Any CPU
		{EDF49945-9A1D-4ABA-A9BC-AAAE18C5309C}.Debug|Any CPU.Build.0 = Debug|Any CPU
		{EDF49945-9A1D-4ABA-A9BC-AAAE18C5309C}.Release|Any CPU.ActiveCfg = Release|Any CPU
		{EDF49945-9A1D-4ABA-A9BC-AAAE18C5309C}.Release|Any CPU.Build.0 = Release|Any CPU
		{5390AF17-E701-4BAB-B943-83B3FC5A3127}.Debug|Any CPU.ActiveCfg = Debug|Any CPU
		{5390AF17-E701-4BAB-B943-83B3FC5A3127}.Debug|Any CPU.Build.0 = Debug|Any CPU
		{5390AF17-E701-4BAB-B943-83B3FC5A3127}.Release|Any CPU.ActiveCfg = Release|Any CPU
		{5390AF17-E701-4BAB-B943-83B3FC5A3127}.Release|Any CPU.Build.0 = Release|Any CPU
		{91E14A9B-5792-435D-ACB4-5CF9F71C0CB4}.Debug|Any CPU.ActiveCfg = Debug|Any CPU
		{91E14A9B-5792-435D-ACB4-5CF9F71C0CB4}.Debug|Any CPU.Build.0 = Debug|Any CPU
		{91E14A9B-5792-435D-ACB4-5CF9F71C0CB4}.Release|Any CPU.ActiveCfg = Release|Any CPU
		{91E14A9B-5792-435D-ACB4-5CF9F71C0CB4}.Release|Any CPU.Build.0 = Release|Any CPU
		{4B2B38DC-F5B8-43D9-A343-771687685A9B}.Debug|Any CPU.ActiveCfg = Debug|Any CPU
		{4B2B38DC-F5B8-43D9-A343-771687685A9B}.Debug|Any CPU.Build.0 = Debug|Any CPU
		{4B2B38DC-F5B8-43D9-A343-771687685A9B}.Release|Any CPU.ActiveCfg = Release|Any CPU
		{4B2B38DC-F5B8-43D9-A343-771687685A9B}.Release|Any CPU.Build.0 = Release|Any CPU
		{C88DDD80-C39F-440E-BC19-387BE05E234F}.Debug|Any CPU.ActiveCfg = Debug|Any CPU
		{C88DDD80-C39F-440E-BC19-387BE05E234F}.Debug|Any CPU.Build.0 = Debug|Any CPU
		{C88DDD80-C39F-440E-BC19-387BE05E234F}.Release|Any CPU.ActiveCfg = Release|Any CPU
		{C88DDD80-C39F-440E-BC19-387BE05E234F}.Release|Any CPU.Build.0 = Release|Any CPU
		{B5BF3ACA-9703-451B-A8DC-629EA92EAD80}.Debug|Any CPU.ActiveCfg = Debug|Any CPU
		{B5BF3ACA-9703-451B-A8DC-629EA92EAD80}.Debug|Any CPU.Build.0 = Debug|Any CPU
		{B5BF3ACA-9703-451B-A8DC-629EA92EAD80}.Release|Any CPU.ActiveCfg = Release|Any CPU
		{B5BF3ACA-9703-451B-A8DC-629EA92EAD80}.Release|Any CPU.Build.0 = Release|Any CPU
		{28F362BE-2676-4818-9B05-BD25E7294193}.Debug|Any CPU.ActiveCfg = Debug|Any CPU
		{28F362BE-2676-4818-9B05-BD25E7294193}.Debug|Any CPU.Build.0 = Debug|Any CPU
		{28F362BE-2676-4818-9B05-BD25E7294193}.Release|Any CPU.ActiveCfg = Release|Any CPU
		{28F362BE-2676-4818-9B05-BD25E7294193}.Release|Any CPU.Build.0 = Release|Any CPU
		{8F3DBE4A-64E2-48FB-B2FD-7199BB5E326F}.Debug|Any CPU.ActiveCfg = Debug|Any CPU
		{8F3DBE4A-64E2-48FB-B2FD-7199BB5E326F}.Debug|Any CPU.Build.0 = Debug|Any CPU
		{8F3DBE4A-64E2-48FB-B2FD-7199BB5E326F}.Release|Any CPU.ActiveCfg = Release|Any CPU
		{8F3DBE4A-64E2-48FB-B2FD-7199BB5E326F}.Release|Any CPU.Build.0 = Release|Any CPU
		{6C2F00D8-84A9-424D-B10C-AB70A78D014D}.Debug|Any CPU.ActiveCfg = Debug|Any CPU
		{6C2F00D8-84A9-424D-B10C-AB70A78D014D}.Debug|Any CPU.Build.0 = Debug|Any CPU
		{6C2F00D8-84A9-424D-B10C-AB70A78D014D}.Release|Any CPU.ActiveCfg = Release|Any CPU
		{6C2F00D8-84A9-424D-B10C-AB70A78D014D}.Release|Any CPU.Build.0 = Release|Any CPU
		{56D0716D-2AF4-47A9-AE1E-C91474CD8EBD}.Debug|Any CPU.ActiveCfg = Debug|Any CPU
		{56D0716D-2AF4-47A9-AE1E-C91474CD8EBD}.Debug|Any CPU.Build.0 = Debug|Any CPU
		{56D0716D-2AF4-47A9-AE1E-C91474CD8EBD}.Release|Any CPU.ActiveCfg = Release|Any CPU
		{56D0716D-2AF4-47A9-AE1E-C91474CD8EBD}.Release|Any CPU.Build.0 = Release|Any CPU
		{B0BA885D-FBF9-4E24-B015-16417C29D014}.Debug|Any CPU.ActiveCfg = Debug|Any CPU
		{B0BA885D-FBF9-4E24-B015-16417C29D014}.Debug|Any CPU.Build.0 = Debug|Any CPU
		{B0BA885D-FBF9-4E24-B015-16417C29D014}.Release|Any CPU.ActiveCfg = Release|Any CPU
		{B0BA885D-FBF9-4E24-B015-16417C29D014}.Release|Any CPU.Build.0 = Release|Any CPU
		{E038E1A8-7250-426D-8C86-11CBC2EDE510}.Debug|Any CPU.ActiveCfg = Debug|Any CPU
		{E038E1A8-7250-426D-8C86-11CBC2EDE510}.Debug|Any CPU.Build.0 = Debug|Any CPU
		{E038E1A8-7250-426D-8C86-11CBC2EDE510}.Release|Any CPU.ActiveCfg = Release|Any CPU
		{E038E1A8-7250-426D-8C86-11CBC2EDE510}.Release|Any CPU.Build.0 = Release|Any CPU
		{07461707-C4CF-4916-943D-6E7379E89664}.Debug|Any CPU.ActiveCfg = Debug|Any CPU
		{07461707-C4CF-4916-943D-6E7379E89664}.Debug|Any CPU.Build.0 = Debug|Any CPU
		{07461707-C4CF-4916-943D-6E7379E89664}.Release|Any CPU.ActiveCfg = Release|Any CPU
		{07461707-C4CF-4916-943D-6E7379E89664}.Release|Any CPU.Build.0 = Release|Any CPU
		{79EC0FAE-951D-4385-A248-157E53D8D381}.Debug|Any CPU.ActiveCfg = Debug|Any CPU
		{79EC0FAE-951D-4385-A248-157E53D8D381}.Debug|Any CPU.Build.0 = Debug|Any CPU
		{79EC0FAE-951D-4385-A248-157E53D8D381}.Release|Any CPU.ActiveCfg = Release|Any CPU
		{79EC0FAE-951D-4385-A248-157E53D8D381}.Release|Any CPU.Build.0 = Release|Any CPU
	EndGlobalSection
	GlobalSection(SolutionProperties) = preSolution
		HideSolutionNode = FALSE
	EndGlobalSection
	GlobalSection(ExtensibilityGlobals) = postSolution
		SolutionGuid = {64A00012-EBC2-4078-87A0-99FA04C5E6D9}
	EndGlobalSection
EndGlobal
